
Microsoft Visual Studio Solution File, Format Version 12.00
# Visual Studio 2012
Project("{FAE04EC0-301F-11D3-BF4B-00C04F79EFBC}") = "Glider", "Glider\Glider.csproj", "{37B2DB2F-24A1-4497-8A46-8B10D1160263}"
EndProject
Global
	GlobalSection(SolutionConfigurationPlatforms) = preSolution
		Debug|Any CPU = Debug|Any CPU
		Release|Any CPU = Release|Any CPU
	EndGlobalSection
	GlobalSection(ProjectConfigurationPlatforms) = postSolution
		{37B2DB2F-24A1-4497-8A46-8B10D1160263}.Debug|Any CPU.ActiveCfg = Debug|Any CPU
		{37B2DB2F-24A1-4497-8A46-8B10D1160263}.Debug|Any CPU.Build.0 = Debug|Any CPU
		{37B2DB2F-24A1-4497-8A46-8B10D1160263}.Release|Any CPU.ActiveCfg = Release|Any CPU
		{37B2DB2F-24A1-4497-8A46-8B10D1160263}.Release|Any CPU.Build.0 = Release|Any CPU
	EndGlobalSection
	GlobalSection(SolutionProperties) = preSolution
		HideSolutionNode = FALSE
	EndGlobalSection
EndGlobal
